
Microsoft Visual Studio Solution File, Format Version 12.00
# Visual Studio Version 17
VisualStudioVersion = 17.0.32014.148
MinimumVisualStudioVersion = 10.0.40219.1
Project("{FAE04EC0-301F-11D3-BF4B-00C04F79EFBC}") = "ObjectsToJson", "ObjectsToJson\ObjectsToJson.csproj", "{BB256B03-BDA5-40A3-80A6-B18395301B12}"
EndProject
Project("{FAE04EC0-301F-11D3-BF4B-00C04F79EFBC}") = "JsonToObject", "JsonToObject\JsonToObject\JsonToObject.csproj", "{5B15C6CB-1AD4-4A87-BEF2-D33F9CD09FB0}"
EndProject
Project("{FAE04EC0-301F-11D3-BF4B-00C04F79EFBC}") = "Class Product", "Class Product\Class Product\Class Product.csproj", "{35AEAC96-8255-4521-8208-DF976D2BED50}"
EndProject
Global
	GlobalSection(SolutionConfigurationPlatforms) = preSolution
		Debug|Any CPU = Debug|Any CPU
		Release|Any CPU = Release|Any CPU
	EndGlobalSection
	GlobalSection(ProjectConfigurationPlatforms) = postSolution
		{BB256B03-BDA5-40A3-80A6-B18395301B12}.Debug|Any CPU.ActiveCfg = Debug|Any CPU
		{BB256B03-BDA5-40A3-80A6-B18395301B12}.Debug|Any CPU.Build.0 = Debug|Any CPU
		{BB256B03-BDA5-40A3-80A6-B18395301B12}.Release|Any CPU.ActiveCfg = Release|Any CPU
		{BB256B03-BDA5-40A3-80A6-B18395301B12}.Release|Any CPU.Build.0 = Release|Any CPU
		{5B15C6CB-1AD4-4A87-BEF2-D33F9CD09FB0}.Debug|Any CPU.ActiveCfg = Debug|Any CPU
		{5B15C6CB-1AD4-4A87-BEF2-D33F9CD09FB0}.Debug|Any CPU.Build.0 = Debug|Any CPU
		{5B15C6CB-1AD4-4A87-BEF2-D33F9CD09FB0}.Release|Any CPU.ActiveCfg = Release|Any CPU
		{5B15C6CB-1AD4-4A87-BEF2-D33F9CD09FB0}.Release|Any CPU.Build.0 = Release|Any CPU
		{35AEAC96-8255-4521-8208-DF976D2BED50}.Debug|Any CPU.ActiveCfg = Debug|Any CPU
		{35AEAC96-8255-4521-8208-DF976D2BED50}.Debug|Any CPU.Build.0 = Debug|Any CPU
		{35AEAC96-8255-4521-8208-DF976D2BED50}.Release|Any CPU.ActiveCfg = Release|Any CPU
		{35AEAC96-8255-4521-8208-DF976D2BED50}.Release|Any CPU.Build.0 = Release|Any CPU
	EndGlobalSection
	GlobalSection(SolutionProperties) = preSolution
		HideSolutionNode = FALSE
	EndGlobalSection
	GlobalSection(ExtensibilityGlobals) = postSolution
		SolutionGuid = {812CAFB7-406B-404F-A643-B5F6EF752249}
	EndGlobalSection
EndGlobal
